
Microsoft Visual Studio Solution File, Format Version 12.00
# Visual Studio Version 17
VisualStudioVersion = 17.8.34525.116
MinimumVisualStudioVersion = 10.0.40219.1
Project("{FAE04EC0-301F-11D3-BF4B-00C04F79EFBC}") = "WebGym", "WebGym.csproj", "{7AA9783F-DB49-4A87-B8CC-F59383FA8938}"
EndProject
Project("{9A19103F-16F7-4668-BE54-9A1E7A4F7556}") = "ModelLibrary", "..\ModelLibrary\ModelLibrary.csproj", "{28F75FC8-CE2F-49E4-B39B-C7FDA1C917F8}"
EndProject
Global
	GlobalSection(SolutionConfigurationPlatforms) = preSolution
		Debug|Any CPU = Debug|Any CPU
		Release|Any CPU = Release|Any CPU
	EndGlobalSection
	GlobalSection(ProjectConfigurationPlatforms) = postSolution
		{7AA9783F-DB49-4A87-B8CC-F59383FA8938}.Debug|Any CPU.ActiveCfg = Debug|Any CPU
		{7AA9783F-DB49-4A87-B8CC-F59383FA8938}.Debug|Any CPU.Build.0 = Debug|Any CPU
		{7AA9783F-DB49-4A87-B8CC-F59383FA8938}.Release|Any CPU.ActiveCfg = Release|Any CPU
		{7AA9783F-DB49-4A87-B8CC-F59383FA8938}.Release|Any CPU.Build.0 = Release|Any CPU
		{28F75FC8-CE2F-49E4-B39B-C7FDA1C917F8}.Debug|Any CPU.ActiveCfg = Debug|Any CPU
		{28F75FC8-CE2F-49E4-B39B-C7FDA1C917F8}.Debug|Any CPU.Build.0 = Debug|Any CPU
		{28F75FC8-CE2F-49E4-B39B-C7FDA1C917F8}.Release|Any CPU.ActiveCfg = Release|Any CPU
		{28F75FC8-CE2F-49E4-B39B-C7FDA1C917F8}.Release|Any CPU.Build.0 = Release|Any CPU
	EndGlobalSection
	GlobalSection(SolutionProperties) = preSolution
		HideSolutionNode = FALSE
	EndGlobalSection
	GlobalSection(ExtensibilityGlobals) = postSolution
		SolutionGuid = {9C378853-B1D7-43E2-AC2E-F96490E22010}
	EndGlobalSection
EndGlobal
